
Microsoft Visual Studio Solution File, Format Version 12.00
# Visual Studio 15
VisualStudioVersion = 15.0.27428.2015
MinimumVisualStudioVersion = 10.0.40219.1
Project("{9A19103F-16F7-4668-BE54-9A1E7A4F7556}") = "NetCoreWebApi", "NetCoreWebApi\NetCoreWebApi.csproj", "{BC8F9C40-E54F-4F37-8832-292FBE66E0F2}"
EndProject
Project("{9A19103F-16F7-4668-BE54-9A1E7A4F7556}") = "Repository", "Repository\Repository.csproj", "{139BBFB2-4C74-4B5A-869E-3D1871C0D1EB}"
EndProject
Project("{FAE04EC0-301F-11D3-BF4B-00C04F79EFBC}") = "NetCoreWebApi.Test", "NetCoreWebApi.Test\NetCoreWebApi.Test.csproj", "{D73122E7-9E02-41F3-9F28-EBE94C23E4D1}"
EndProject
Global
	GlobalSection(SolutionConfigurationPlatforms) = preSolution
		Debug|Any CPU = Debug|Any CPU
		Release|Any CPU = Release|Any CPU
	EndGlobalSection
	GlobalSection(ProjectConfigurationPlatforms) = postSolution
		{BC8F9C40-E54F-4F37-8832-292FBE66E0F2}.Debug|Any CPU.ActiveCfg = Debug|Any CPU
		{BC8F9C40-E54F-4F37-8832-292FBE66E0F2}.Debug|Any CPU.Build.0 = Debug|Any CPU
		{BC8F9C40-E54F-4F37-8832-292FBE66E0F2}.Release|Any CPU.ActiveCfg = Release|Any CPU
		{BC8F9C40-E54F-4F37-8832-292FBE66E0F2}.Release|Any CPU.Build.0 = Release|Any CPU
		{139BBFB2-4C74-4B5A-869E-3D1871C0D1EB}.Debug|Any CPU.ActiveCfg = Debug|Any CPU
		{139BBFB2-4C74-4B5A-869E-3D1871C0D1EB}.Debug|Any CPU.Build.0 = Debug|Any CPU
		{139BBFB2-4C74-4B5A-869E-3D1871C0D1EB}.Release|Any CPU.ActiveCfg = Release|Any CPU
		{139BBFB2-4C74-4B5A-869E-3D1871C0D1EB}.Release|Any CPU.Build.0 = Release|Any CPU
		{D73122E7-9E02-41F3-9F28-EBE94C23E4D1}.Debug|Any CPU.ActiveCfg = Debug|Any CPU
		{D73122E7-9E02-41F3-9F28-EBE94C23E4D1}.Debug|Any CPU.Build.0 = Debug|Any CPU
		{D73122E7-9E02-41F3-9F28-EBE94C23E4D1}.Release|Any CPU.ActiveCfg = Release|Any CPU
		{D73122E7-9E02-41F3-9F28-EBE94C23E4D1}.Release|Any CPU.Build.0 = Release|Any CPU
	EndGlobalSection
	GlobalSection(SolutionProperties) = preSolution
		HideSolutionNode = FALSE
	EndGlobalSection
	GlobalSection(ExtensibilityGlobals) = postSolution
		SolutionGuid = {66DA84F2-42C7-4C47-A475-81D33CF99905}
	EndGlobalSection
EndGlobal
